<Solution>
  <Folder Name="/src/">
    <Project Path="src/GoldenPappadam.Api/GoldenPappadam.Api.csproj" />
    <Project Path="src/GoldenPappadam.Domain/GoldenPappadam.Domain.csproj" />
    <Project Path="src/GoldenPappadam.Infrastructure/GoldenPappadam.Infrastructure.csproj" />
  </Folder>
  <Folder Name="/tests/">
    <Project Path="tests/GoldenPappadam.Tests/GoldenPappadam.Tests.csproj" />
  </Folder>
</Solution>
